
Microsoft Visual Studio Solution File, Format Version 11.00
# Visual Studio 2010
Project("{FAE04EC0-301F-11D3-BF4B-00C04F79EFBC}") = "AccessChestAnywhere", "AccessChestAnywhere.csproj", "{866D7B9E-531E-4F83-95EE-B3D7F2642876}"
EndProject
Global
	GlobalSection(SolutionConfigurationPlatforms) = preSolution
		Debug|Any CPU = Debug|Any CPU
		Release|Any CPU = Release|Any CPU
	EndGlobalSection
	GlobalSection(ProjectConfigurationPlatforms) = postSolution
		{866D7B9E-531E-4F83-95EE-B3D7F2642876}.Debug|Any CPU.ActiveCfg = Debug|Any CPU
		{866D7B9E-531E-4F83-95EE-B3D7F2642876}.Debug|Any CPU.Build.0 = Debug|Any CPU
		{866D7B9E-531E-4F83-95EE-B3D7F2642876}.Release|Any CPU.ActiveCfg = Release|Any CPU
		{866D7B9E-531E-4F83-95EE-B3D7F2642876}.Release|Any CPU.Build.0 = Release|Any CPU
	EndGlobalSection
	GlobalSection(SolutionProperties) = preSolution
		HideSolutionNode = FALSE
	EndGlobalSection
EndGlobal
