
Microsoft Visual Studio Solution File, Format Version 12.00
# Visual Studio 14
VisualStudioVersion = 14.0.25420.1
MinimumVisualStudioVersion = 10.0.40219.1
Project("{FAE04EC0-301F-11D3-BF4B-00C04F79EFBC}") = "ChestsAnywhere", "ChestsAnywhere\ChestsAnywhere.csproj", "{866D7B9E-531E-4F83-95EE-B3D7F2642876}"
EndProject
Project("{2150E333-8FDC-42A3-9474-1A3956D46DE8}") = "metadata", "metadata", "{0A60EBCD-6388-42B9-BBB4-AE496DDF9EEC}"
	ProjectSection(SolutionItems) = preProject
		.gitignore = .gitignore
		LICENSE.txt = LICENSE.txt
		README.md = README.md
	EndProjectSection
EndProject
Global
	GlobalSection(SolutionConfigurationPlatforms) = preSolution
		Debug|Any CPU = Debug|Any CPU
		Release|Any CPU = Release|Any CPU
	EndGlobalSection
	GlobalSection(ProjectConfigurationPlatforms) = postSolution
		{866D7B9E-531E-4F83-95EE-B3D7F2642876}.Debug|Any CPU.ActiveCfg = Debug|Any CPU
		{866D7B9E-531E-4F83-95EE-B3D7F2642876}.Debug|Any CPU.Build.0 = Debug|Any CPU
		{866D7B9E-531E-4F83-95EE-B3D7F2642876}.Release|Any CPU.ActiveCfg = Release|Any CPU
		{866D7B9E-531E-4F83-95EE-B3D7F2642876}.Release|Any CPU.Build.0 = Release|Any CPU
	EndGlobalSection
	GlobalSection(SolutionProperties) = preSolution
		HideSolutionNode = FALSE
	EndGlobalSection
EndGlobal
