
Microsoft Visual Studio Solution File, Format Version 12.00
# Visual Studio 14
VisualStudioVersion = 14.0.25420.1
MinimumVisualStudioVersion = 10.0.40219.1
Project("{FAE04EC0-301F-11D3-BF4B-00C04F79EFBC}") = "LookupAnything", "LookupAnything\LookupAnything.csproj", "{2A9C0811-B2D2-474A-A84C-DDEB16206A62}"
EndProject
Project("{2150E333-8FDC-42A3-9474-1A3956D46DE8}") = ".metadata", ".metadata", "{775A00CB-71CD-49BF-BB1B-B09951ABD325}"
	ProjectSection(SolutionItems) = preProject
		.gitattributes = .gitattributes
		.gitignore = .gitignore
		GlobalAssemblyInfo.cs = GlobalAssemblyInfo.cs
		latest-versions.json = latest-versions.json
		LICENSE.txt = LICENSE.txt
		README.md = README.md
	EndProjectSection
EndProject
Project("{D954291E-2A0B-460D-934E-DC6B0785DB48}") = ".Common", "Common\.Common.shproj", "{B9E9EDFC-E98A-4370-994F-40A9F39A0284}"
EndProject
Project("{FAE04EC0-301F-11D3-BF4B-00C04F79EFBC}") = "ChestsAnywhere", "ChestsAnywhere\ChestsAnywhere.csproj", "{866D7B9E-531E-4F83-95EE-B3D7F2642876}"
EndProject
Project("{FAE04EC0-301F-11D3-BF4B-00C04F79EFBC}") = "SkipIntro", "SkipIntro\SkipIntro.csproj", "{56FB522E-923D-4582-AD3D-8EC80F09237A}"
EndProject
Project("{FAE04EC0-301F-11D3-BF4B-00C04F79EFBC}") = "DebugMode", "DebugMode\DebugMode.csproj", "{F3E43047-A0EF-4240-A75C-49CF01952F32}"
EndProject
Global
	GlobalSection(SharedMSBuildProjectFiles) = preSolution
		Common\Common.projitems*{2a9c0811-b2d2-474a-a84c-ddeb16206a62}*SharedItemsImports = 4
		Common\Common.projitems*{56fb522e-923d-4582-ad3d-8ec80f09237a}*SharedItemsImports = 4
		Common\Common.projitems*{866d7b9e-531e-4f83-95ee-b3d7f2642876}*SharedItemsImports = 4
		Common\Common.projitems*{b9e9edfc-e98a-4370-994f-40a9f39a0284}*SharedItemsImports = 13
	EndGlobalSection
	GlobalSection(SolutionConfigurationPlatforms) = preSolution
		Debug|Any CPU = Debug|Any CPU
		Release|Any CPU = Release|Any CPU
	EndGlobalSection
	GlobalSection(ProjectConfigurationPlatforms) = postSolution
		{2A9C0811-B2D2-474A-A84C-DDEB16206A62}.Debug|Any CPU.ActiveCfg = Debug|Any CPU
		{2A9C0811-B2D2-474A-A84C-DDEB16206A62}.Debug|Any CPU.Build.0 = Debug|Any CPU
		{2A9C0811-B2D2-474A-A84C-DDEB16206A62}.Release|Any CPU.ActiveCfg = Release|Any CPU
		{2A9C0811-B2D2-474A-A84C-DDEB16206A62}.Release|Any CPU.Build.0 = Release|Any CPU
		{866D7B9E-531E-4F83-95EE-B3D7F2642876}.Debug|Any CPU.ActiveCfg = Debug|Any CPU
		{866D7B9E-531E-4F83-95EE-B3D7F2642876}.Debug|Any CPU.Build.0 = Debug|Any CPU
		{866D7B9E-531E-4F83-95EE-B3D7F2642876}.Release|Any CPU.ActiveCfg = Release|Any CPU
		{866D7B9E-531E-4F83-95EE-B3D7F2642876}.Release|Any CPU.Build.0 = Release|Any CPU
		{56FB522E-923D-4582-AD3D-8EC80F09237A}.Debug|Any CPU.ActiveCfg = Debug|Any CPU
		{56FB522E-923D-4582-AD3D-8EC80F09237A}.Debug|Any CPU.Build.0 = Debug|Any CPU
		{56FB522E-923D-4582-AD3D-8EC80F09237A}.Release|Any CPU.ActiveCfg = Release|Any CPU
		{56FB522E-923D-4582-AD3D-8EC80F09237A}.Release|Any CPU.Build.0 = Release|Any CPU
		{F3E43047-A0EF-4240-A75C-49CF01952F32}.Debug|Any CPU.ActiveCfg = Debug|Any CPU
		{F3E43047-A0EF-4240-A75C-49CF01952F32}.Debug|Any CPU.Build.0 = Debug|Any CPU
		{F3E43047-A0EF-4240-A75C-49CF01952F32}.Release|Any CPU.ActiveCfg = Release|Any CPU
		{F3E43047-A0EF-4240-A75C-49CF01952F32}.Release|Any CPU.Build.0 = Release|Any CPU
	EndGlobalSection
	GlobalSection(SolutionProperties) = preSolution
		HideSolutionNode = FALSE
	EndGlobalSection
EndGlobal
