
Microsoft Visual Studio Solution File, Format Version 12.00
# Visual Studio 14
VisualStudioVersion = 14.0.25420.1
MinimumVisualStudioVersion = 10.0.40219.1
Project("{FAE04EC0-301F-11D3-BF4B-00C04F79EFBC}") = "Pathoschild.Stardew.NoDebugMode", "Pathoschild.Stardew.NoDebugMode\Pathoschild.Stardew.NoDebugMode.csproj", "{82AF1B0E-398E-41FD-AB7B-1825B39DBB33}"
EndProject
Project("{2150E333-8FDC-42A3-9474-1A3956D46DE8}") = "metadata", "metadata", "{611530B5-C8DC-40E8-9DCC-7E8F5A5E30AD}"
	ProjectSection(SolutionItems) = preProject
		.gitattributes = .gitattributes
		.gitignore = .gitignore
		LICENSE.txt = LICENSE.txt
		README.md = README.md
	EndProjectSection
EndProject
Global
	GlobalSection(SolutionConfigurationPlatforms) = preSolution
		Debug|Any CPU = Debug|Any CPU
		Release|Any CPU = Release|Any CPU
	EndGlobalSection
	GlobalSection(ProjectConfigurationPlatforms) = postSolution
		{82AF1B0E-398E-41FD-AB7B-1825B39DBB33}.Debug|Any CPU.ActiveCfg = Debug|Any CPU
		{82AF1B0E-398E-41FD-AB7B-1825B39DBB33}.Debug|Any CPU.Build.0 = Debug|Any CPU
		{82AF1B0E-398E-41FD-AB7B-1825B39DBB33}.Release|Any CPU.ActiveCfg = Release|Any CPU
		{82AF1B0E-398E-41FD-AB7B-1825B39DBB33}.Release|Any CPU.Build.0 = Release|Any CPU
	EndGlobalSection
	GlobalSection(SolutionProperties) = preSolution
		HideSolutionNode = FALSE
	EndGlobalSection
EndGlobal
