
Microsoft Visual Studio Solution File, Format Version 12.00
# Visual Studio 15
VisualStudioVersion = 15.0.27130.2036
MinimumVisualStudioVersion = 10.0.40219.1
Project("{FAE04EC0-301F-11D3-BF4B-00C04F79EFBC}") = "LookupAnything", "LookupAnything\LookupAnything.csproj", "{2A9C0811-B2D2-474A-A84C-DDEB16206A62}"
EndProject
Project("{2150E333-8FDC-42A3-9474-1A3956D46DE8}") = "root", "root", "{775A00CB-71CD-49BF-BB1B-B09951ABD325}"
	ProjectSection(SolutionItems) = preProject
		.editorconfig = .editorconfig
		.gitattributes = .gitattributes
		.gitignore = .gitignore
		GlobalAssemblyInfo.cs = GlobalAssemblyInfo.cs
		latest-versions.json = latest-versions.json
		LICENSE = LICENSE
		README.md = README.md
	EndProjectSection
EndProject
Project("{D954291E-2A0B-460D-934E-DC6B0785DB48}") = ".Common", "Common\.Common.shproj", "{B9E9EDFC-E98A-4370-994F-40A9F39A0284}"
EndProject
Project("{FAE04EC0-301F-11D3-BF4B-00C04F79EFBC}") = "ChestsAnywhere", "ChestsAnywhere\ChestsAnywhere.csproj", "{866D7B9E-531E-4F83-95EE-B3D7F2642876}"
EndProject
Project("{FAE04EC0-301F-11D3-BF4B-00C04F79EFBC}") = "SkipIntro", "SkipIntro\SkipIntro.csproj", "{56FB522E-923D-4582-AD3D-8EC80F09237A}"
EndProject
Project("{FAE04EC0-301F-11D3-BF4B-00C04F79EFBC}") = "DebugMode", "DebugMode\DebugMode.csproj", "{F3E43047-A0EF-4240-A75C-49CF01952F32}"
EndProject
Project("{FAE04EC0-301F-11D3-BF4B-00C04F79EFBC}") = "DataLayers", "DataLayers\DataLayers.csproj", "{CDEEF8AF-15CB-4955-8163-E446F212C2F4}"
EndProject
Project("{FAE04EC0-301F-11D3-BF4B-00C04F79EFBC}") = "FastAnimations", "FastAnimations\FastAnimations.csproj", "{EA68E967-BE31-4231-A75B-2C9BE8E91D9F}"
EndProject
Project("{FAE04EC0-301F-11D3-BF4B-00C04F79EFBC}") = "Automate", "Automate\Automate.csproj", "{A72152B0-AB75-44E4-86D8-F6B8B9920B59}"
EndProject
Project("{2150E333-8FDC-42A3-9474-1A3956D46DE8}") = "Internal", "Internal", "{2463896E-04FC-4BF9-8A34-1B3846D8E26E}"
EndProject
Project("{FAE04EC0-301F-11D3-BF4B-00C04F79EFBC}") = "RotateToolbar", "RotateToolbar\RotateToolbar.csproj", "{3ED4784C-6EA7-4DBE-8476-4E1FA972FC3D}"
EndProject
Project("{FAE04EC0-301F-11D3-BF4B-00C04F79EFBC}") = "TractorMod", "TractorMod\TractorMod.csproj", "{0510E2AC-EC06-4211-B733-FAF9D3A069EA}"
EndProject
Project("{FAE04EC0-301F-11D3-BF4B-00C04F79EFBC}") = "TestContentMod", "TestContentMod\TestContentMod.csproj", "{91F894EE-6D23-49E8-A0AD-E6A976B8AA82}"
EndProject
Project("{FAE04EC0-301F-11D3-BF4B-00C04F79EFBC}") = "ContentPatcher", "ContentPatcher\ContentPatcher.csproj", "{6B9D5445-E45C-431D-A5B8-40556E553F54}"
EndProject
Project("{FAE04EC0-301F-11D3-BF4B-00C04F79EFBC}") = "Tests.Common", "_tests\Tests.Common\Tests.Common.csproj", "{08D098BB-3DE6-4FFD-B9AE-31957724CC75}"
EndProject
Project("{FAE04EC0-301F-11D3-BF4B-00C04F79EFBC}") = "Tests.Mods", "_tests\Tests.Mods\Tests.Mods.csproj", "{3A8B43BC-B3BB-49F1-A2E5-B17CFA94A3C1}"
EndProject
Project("{FAE04EC0-301F-11D3-BF4B-00C04F79EFBC}") = "CropsInAnySeason", "CropsInAnySeason\CropsInAnySeason.csproj", "{2BB33EC7-3B13-4AA4-B982-985F8446966B}"
EndProject
Global
	GlobalSection(SharedMSBuildProjectFiles) = preSolution
		Common\Common.projitems*{0510e2ac-ec06-4211-b733-faf9d3a069ea}*SharedItemsImports = 4
		Common\Common.projitems*{08d098bb-3de6-4ffd-b9ae-31957724cc75}*SharedItemsImports = 4
		Common\Common.projitems*{2a9c0811-b2d2-474a-a84c-ddeb16206a62}*SharedItemsImports = 4
		Common\Common.projitems*{2bb33ec7-3b13-4aa4-b982-985f8446966b}*SharedItemsImports = 4
		Common\Common.projitems*{3ed4784c-6ea7-4dbe-8476-4e1fa972fc3d}*SharedItemsImports = 4
		Common\Common.projitems*{56fb522e-923d-4582-ad3d-8ec80f09237a}*SharedItemsImports = 4
		Common\Common.projitems*{6b9d5445-e45c-431d-a5b8-40556e553f54}*SharedItemsImports = 4
		Common\Common.projitems*{866d7b9e-531e-4f83-95ee-b3d7f2642876}*SharedItemsImports = 4
		Common\Common.projitems*{a72152b0-ab75-44e4-86d8-f6b8b9920b59}*SharedItemsImports = 4
		Common\Common.projitems*{b9e9edfc-e98a-4370-994f-40a9f39a0284}*SharedItemsImports = 13
		Common\Common.projitems*{cdeef8af-15cb-4955-8163-e446f212c2f4}*SharedItemsImports = 4
		Common\Common.projitems*{ea68e967-be31-4231-a75b-2c9be8e91d9f}*SharedItemsImports = 4
		Common\Common.projitems*{f3e43047-a0ef-4240-a75c-49cf01952f32}*SharedItemsImports = 4
	EndGlobalSection
	GlobalSection(SolutionConfigurationPlatforms) = preSolution
		Debug|x86 = Debug|x86
		Release|x86 = Release|x86
	EndGlobalSection
	GlobalSection(ProjectConfigurationPlatforms) = postSolution
		{2A9C0811-B2D2-474A-A84C-DDEB16206A62}.Debug|x86.ActiveCfg = Debug|x86
		{2A9C0811-B2D2-474A-A84C-DDEB16206A62}.Debug|x86.Build.0 = Debug|x86
		{2A9C0811-B2D2-474A-A84C-DDEB16206A62}.Release|x86.ActiveCfg = Release|x86
		{2A9C0811-B2D2-474A-A84C-DDEB16206A62}.Release|x86.Build.0 = Release|x86
		{866D7B9E-531E-4F83-95EE-B3D7F2642876}.Debug|x86.ActiveCfg = Debug|x86
		{866D7B9E-531E-4F83-95EE-B3D7F2642876}.Debug|x86.Build.0 = Debug|x86
		{866D7B9E-531E-4F83-95EE-B3D7F2642876}.Release|x86.ActiveCfg = Release|x86
		{866D7B9E-531E-4F83-95EE-B3D7F2642876}.Release|x86.Build.0 = Release|x86
		{56FB522E-923D-4582-AD3D-8EC80F09237A}.Debug|x86.ActiveCfg = Debug|x86
		{56FB522E-923D-4582-AD3D-8EC80F09237A}.Debug|x86.Build.0 = Debug|x86
		{56FB522E-923D-4582-AD3D-8EC80F09237A}.Release|x86.ActiveCfg = Release|x86
		{56FB522E-923D-4582-AD3D-8EC80F09237A}.Release|x86.Build.0 = Release|x86
		{F3E43047-A0EF-4240-A75C-49CF01952F32}.Debug|x86.ActiveCfg = Debug|x86
		{F3E43047-A0EF-4240-A75C-49CF01952F32}.Debug|x86.Build.0 = Debug|x86
		{F3E43047-A0EF-4240-A75C-49CF01952F32}.Release|x86.ActiveCfg = Release|x86
		{F3E43047-A0EF-4240-A75C-49CF01952F32}.Release|x86.Build.0 = Release|x86
		{CDEEF8AF-15CB-4955-8163-E446F212C2F4}.Debug|x86.ActiveCfg = Debug|x86
		{CDEEF8AF-15CB-4955-8163-E446F212C2F4}.Debug|x86.Build.0 = Debug|x86
		{CDEEF8AF-15CB-4955-8163-E446F212C2F4}.Release|x86.ActiveCfg = Release|x86
		{CDEEF8AF-15CB-4955-8163-E446F212C2F4}.Release|x86.Build.0 = Release|x86
		{EA68E967-BE31-4231-A75B-2C9BE8E91D9F}.Debug|x86.ActiveCfg = Debug|x86
		{EA68E967-BE31-4231-A75B-2C9BE8E91D9F}.Debug|x86.Build.0 = Debug|x86
		{EA68E967-BE31-4231-A75B-2C9BE8E91D9F}.Release|x86.ActiveCfg = Release|x86
		{EA68E967-BE31-4231-A75B-2C9BE8E91D9F}.Release|x86.Build.0 = Release|x86
		{A72152B0-AB75-44E4-86D8-F6B8B9920B59}.Debug|x86.ActiveCfg = Debug|x86
		{A72152B0-AB75-44E4-86D8-F6B8B9920B59}.Debug|x86.Build.0 = Debug|x86
		{A72152B0-AB75-44E4-86D8-F6B8B9920B59}.Release|x86.ActiveCfg = Release|x86
		{A72152B0-AB75-44E4-86D8-F6B8B9920B59}.Release|x86.Build.0 = Release|x86
		{3ED4784C-6EA7-4DBE-8476-4E1FA972FC3D}.Debug|x86.ActiveCfg = Debug|x86
		{3ED4784C-6EA7-4DBE-8476-4E1FA972FC3D}.Debug|x86.Build.0 = Debug|x86
		{3ED4784C-6EA7-4DBE-8476-4E1FA972FC3D}.Release|x86.ActiveCfg = Release|x86
		{3ED4784C-6EA7-4DBE-8476-4E1FA972FC3D}.Release|x86.Build.0 = Release|x86
		{0510E2AC-EC06-4211-B733-FAF9D3A069EA}.Debug|x86.ActiveCfg = Debug|x86
		{0510E2AC-EC06-4211-B733-FAF9D3A069EA}.Debug|x86.Build.0 = Debug|x86
		{0510E2AC-EC06-4211-B733-FAF9D3A069EA}.Release|x86.ActiveCfg = Release|x86
		{0510E2AC-EC06-4211-B733-FAF9D3A069EA}.Release|x86.Build.0 = Release|x86
		{91F894EE-6D23-49E8-A0AD-E6A976B8AA82}.Debug|x86.ActiveCfg = Debug|x86
		{91F894EE-6D23-49E8-A0AD-E6A976B8AA82}.Debug|x86.Build.0 = Debug|x86
		{91F894EE-6D23-49E8-A0AD-E6A976B8AA82}.Release|x86.ActiveCfg = Release|x86
		{91F894EE-6D23-49E8-A0AD-E6A976B8AA82}.Release|x86.Build.0 = Release|x86
		{6B9D5445-E45C-431D-A5B8-40556E553F54}.Debug|x86.ActiveCfg = Debug|x86
		{6B9D5445-E45C-431D-A5B8-40556E553F54}.Debug|x86.Build.0 = Debug|x86
		{6B9D5445-E45C-431D-A5B8-40556E553F54}.Release|x86.ActiveCfg = Release|x86
		{6B9D5445-E45C-431D-A5B8-40556E553F54}.Release|x86.Build.0 = Release|x86
		{08D098BB-3DE6-4FFD-B9AE-31957724CC75}.Debug|x86.ActiveCfg = Debug|x86
		{08D098BB-3DE6-4FFD-B9AE-31957724CC75}.Debug|x86.Build.0 = Debug|x86
		{08D098BB-3DE6-4FFD-B9AE-31957724CC75}.Release|x86.ActiveCfg = Release|x86
		{08D098BB-3DE6-4FFD-B9AE-31957724CC75}.Release|x86.Build.0 = Release|x86
		{3A8B43BC-B3BB-49F1-A2E5-B17CFA94A3C1}.Debug|x86.ActiveCfg = Debug|x86
		{3A8B43BC-B3BB-49F1-A2E5-B17CFA94A3C1}.Debug|x86.Build.0 = Debug|x86
		{3A8B43BC-B3BB-49F1-A2E5-B17CFA94A3C1}.Release|x86.ActiveCfg = Release|x86
		{3A8B43BC-B3BB-49F1-A2E5-B17CFA94A3C1}.Release|x86.Build.0 = Release|x86
		{2BB33EC7-3B13-4AA4-B982-985F8446966B}.Debug|x86.ActiveCfg = Debug|x86
		{2BB33EC7-3B13-4AA4-B982-985F8446966B}.Debug|x86.Build.0 = Debug|x86
		{2BB33EC7-3B13-4AA4-B982-985F8446966B}.Release|x86.ActiveCfg = Release|x86
		{2BB33EC7-3B13-4AA4-B982-985F8446966B}.Release|x86.Build.0 = Release|x86
	EndGlobalSection
	GlobalSection(SolutionProperties) = preSolution
		HideSolutionNode = FALSE
	EndGlobalSection
	GlobalSection(NestedProjects) = preSolution
		{91F894EE-6D23-49E8-A0AD-E6A976B8AA82} = {2463896E-04FC-4BF9-8A34-1B3846D8E26E}
		{08D098BB-3DE6-4FFD-B9AE-31957724CC75} = {2463896E-04FC-4BF9-8A34-1B3846D8E26E}
		{3A8B43BC-B3BB-49F1-A2E5-B17CFA94A3C1} = {2463896E-04FC-4BF9-8A34-1B3846D8E26E}
	EndGlobalSection
	GlobalSection(ExtensibilityGlobals) = postSolution
		SolutionGuid = {EF4A4878-3839-48F1-B4C1-43D0570BCCB4}
	EndGlobalSection
EndGlobal
